{
  "name": "snap-analytics",
  "version": "0.1.0",
  "lockfileVersion": 1,
  "requires": true,
  "dependencies": {
    "http2": {
      "version": "3.3.7",
      "resolved": "https://infusionsoft.jfrog.io/infusionsoft/api/npm/npm/http2/-/http2-3.3.7.tgz",
      "integrity": "sha1-eDluseC80dsfSxONmXxoLiNBT7w="
    }
  }
}
